
Microsoft Visual Studio Solution File, Format Version 12.00
# Visual Studio Version 17
VisualStudioVersion = 17.1.32210.238
MinimumVisualStudioVersion = 10.0.40219.1
Project("{FAE04EC0-301F-11D3-BF4B-00C04F79EFBC}") = "interpretadordenumero.ConsoleApp", "interpretadordenumero.ConsoleApp\interpretadordenumero.ConsoleApp.csproj", "{15FB3A2D-55CE-474C-8ED2-C46E06E9CC5E}"
EndProject
Global
	GlobalSection(SolutionConfigurationPlatforms) = preSolution
		Debug|Any CPU = Debug|Any CPU
		Release|Any CPU = Release|Any CPU
	EndGlobalSection
	GlobalSection(ProjectConfigurationPlatforms) = postSolution
		{15FB3A2D-55CE-474C-8ED2-C46E06E9CC5E}.Debug|Any CPU.ActiveCfg = Debug|Any CPU
		{15FB3A2D-55CE-474C-8ED2-C46E06E9CC5E}.Debug|Any CPU.Build.0 = Debug|Any CPU
		{15FB3A2D-55CE-474C-8ED2-C46E06E9CC5E}.Release|Any CPU.ActiveCfg = Release|Any CPU
		{15FB3A2D-55CE-474C-8ED2-C46E06E9CC5E}.Release|Any CPU.Build.0 = Release|Any CPU
	EndGlobalSection
	GlobalSection(SolutionProperties) = preSolution
		HideSolutionNode = FALSE
	EndGlobalSection
	GlobalSection(ExtensibilityGlobals) = postSolution
		SolutionGuid = {9BC353FD-B6CD-40A7-A18E-7F7546B6F852}
	EndGlobalSection
EndGlobal
